
Microsoft Visual Studio Solution File, Format Version 12.00
# Visual Studio Version 17
VisualStudioVersion = 17.14.36414.22 d17.14
MinimumVisualStudioVersion = 10.0.40219.1
Project("{FAE04EC0-301F-11D3-BF4B-00C04F79EFBC}") = "MindWeaveClient", "MindWeaveClient\MindWeaveClient.csproj", "{0EF5E7C1-3218-4442-B6AC-53EBE27B09A2}"
EndProject
Global
	GlobalSection(SolutionConfigurationPlatforms) = preSolution
		Debug|Any CPU = Debug|Any CPU
		Release|Any CPU = Release|Any CPU
	EndGlobalSection
	GlobalSection(ProjectConfigurationPlatforms) = postSolution
		{0EF5E7C1-3218-4442-B6AC-53EBE27B09A2}.Debug|Any CPU.ActiveCfg = Debug|Any CPU
		{0EF5E7C1-3218-4442-B6AC-53EBE27B09A2}.Debug|Any CPU.Build.0 = Debug|Any CPU
		{0EF5E7C1-3218-4442-B6AC-53EBE27B09A2}.Release|Any CPU.ActiveCfg = Release|Any CPU
		{0EF5E7C1-3218-4442-B6AC-53EBE27B09A2}.Release|Any CPU.Build.0 = Release|Any CPU
	EndGlobalSection
	GlobalSection(SolutionProperties) = preSolution
		HideSolutionNode = FALSE
	EndGlobalSection
	GlobalSection(ExtensibilityGlobals) = postSolution
		SolutionGuid = {081F709E-A946-4DA4-8ADE-832AD20998CC}
	EndGlobalSection
EndGlobal
